github.com/sigitprd/go-say-hello v1.0.0 h1:ftU5TRe20PRtardpTvTzF/qXgT9hUQIfODSC7Vo2NxA=
github.com/sigitprd/go-say-hello v1.0.0/go.mod h1:ZImXcR+ASt2LE18/Cmb/r0CSKIy6eg0Tv3cBOSplIoo=
github.com/sigitprd/go-say-hello v1.5.0 h1:p8SquEb3E1hFfo/yci6NuFd+n9arTMLASHSOMJ35pyQ=
github.com/sigitprd/go-say-hello v1.5.0/go.mod h1:ZImXcR+ASt2LE18/Cmb/r0CSKIy6eg0Tv3cBOSplIoo=
github.com/sigitprd/go-say-hello/v2 v2.0.0 h1:9pJWV+Vx7KJBxyNMoWu2hmAeHtqv9jbbUTLRroNhbl8=
github.com/sigitprd/go-say-hello/v2 v2.0.0/go.mod h1:laF25XDv9kRnxiy+qEahYBiVr56PgRl/Dp21ga30qDI=
